{
  "originHash" : "df7a543c8c2e4865dc30c2092aec99110ba9bc1ebb75b9c6aeb1195396ce6449",
  "pins" : [
    {
      "identity" : "swinject",
      "kind" : "remoteSourceControl",
      "location" : "https://github.com/Swinject/Swinject.git",
      "state" : {
        "revision" : "b685b549fe4d8ae265fc7a2f27d0789720425d69",
        "version" : "2.10.0"
      }
    },
    {
      "identity" : "swinjectstoryboard",
      "kind" : "remoteSourceControl",
      "location" : "https://github.com/Swinject/SwinjectStoryboard",
      "state" : {
        "revision" : "e4498ce2dfe37e1ca9d2d20af06fcc087507561c",
        "version" : "2.2.3"
      }
    }
  ],
  "version" : 3
}
