// !$*UTF8*$!
{
	archiveVersion = 1;
	classes = {
	};
	objectVersion = 77;
	objects = {

/* Begin PBXBuildFile section */
		7531F19D2F16183E006B97BF /* SwinjectStoryboard in Frameworks */ = {isa = PBXBuildFile; productRef = 7531F19C2F16183E006B97BF /* SwinjectStoryboard */; };
/* End PBXBuildFile section */

/* Begin PBXContainerItemProxy section */
		75938B082F14F3AA00B191C5 /* PBXContainerItemProxy */ = {
			isa = PBXContainerItemProxy;
			containerPortal = 75938AE62F14F3A900B191C5 /* Project object */;
			proxyType = 1;
			remoteGlobalIDString = 75938AED2F14F3A900B191C5;
			remoteInfo = CLSDKTestSwift;
		};
		75938B122F14F3AA00B191C5 /* PBXContainerItemProxy */ = {
			isa = PBXContainerItemProxy;
			containerPortal = 75938AE62F14F3A900B191C5 /* Project object */;
			proxyType = 1;
			remoteGlobalIDString = 75938AED2F14F3A900B191C5;
			remoteInfo = CLSDKTestSwift;
		};
/* End PBXContainerItemProxy section */

/* Begin PBXFileReference section */
		75938AEE2F14F3A900B191C5 /* CLSDKTestSwift.app */ = {isa = PBXFileReference; explicitFileType = wrapper.application; includeInIndex = 0; path = CLSDKTestSwift.app; sourceTree = BUILT_PRODUCTS_DIR; };
		75938B072F14F3AA00B191C5 /* CLSDKTestSwiftTests.xctest */ = {isa = PBXFileReference; explicitFileType = wrapper.cfbundle; includeInIndex = 0; path = CLSDKTestSwiftTests.xctest; sourceTree = BUILT_PRODUCTS_DIR; };
		75938B112F14F3AA00B191C5 /* CLSDKTestSwiftUITests.xctest */ = {isa = PBXFileReference; explicitFileType = wrapper.cfbundle; includeInIndex = 0; path = CLSDKTestSwiftUITests.xctest; sourceTree = BUILT_PRODUCTS_DIR; };
/* End PBXFileReference section */

/* Begin PBXFileSystemSynchronizedBuildFileExceptionSet section */
		75938B192F14F3AA00B191C5 /* Exceptions for "CLSDKTestSwift" folder in "CLSDKTestSwift" target */ = {
			isa = PBXFileSystemSynchronizedBuildFileExceptionSet;
			membershipExceptions = (
				Info.plist,
			);
			target = 75938AED2F14F3A900B191C5 /* CLSDKTestSwift */;
		};
/* End PBXFileSystemSynchronizedBuildFileExceptionSet section */

/* Begin PBXFileSystemSynchronizedRootGroup section */
		75938AF02F14F3A900B191C5 /* CLSDKTestSwift */ = {
			isa = PBXFileSystemSynchronizedRootGroup;
			exceptions = (
				75938B192F14F3AA00B191C5 /* Exceptions for "CLSDKTestSwift" folder in "CLSDKTestSwift" target */,
			);
			path = CLSDKTestSwift;
			sourceTree = "<group>";
		};
		75938B0A2F14F3AA00B191C5 /* CLSDKTestSwiftTests */ = {
			isa = PBXFileSystemSynchronizedRootGroup;
			path = CLSDKTestSwiftTests;
			sourceTree = "<group>";
		};
		75938B142F14F3AA00B191C5 /* CLSDKTestSwiftUITests */ = {
			isa = PBXFileSystemSynchronizedRootGroup;
			path = CLSDKTestSwiftUITests;
			sourceTree = "<group>";
		};
/* End PBXFileSystemSynchronizedRootGroup section */

/* Begin PBXFrameworksBuildPhase section */
		75938AEB2F14F3A900B191C5 /* Frameworks */ = {
			isa = PBXFrameworksBuildPhase;
			buildActionMask = 2147483647;
			files = (
				7531F19D2F16183E006B97BF /* SwinjectStoryboard in Frameworks */,
			);
			runOnlyForDeploymentPostprocessing = 0;
		};
		75938B042F14F3AA00B191C5 /* Frameworks */ = {
			isa = PBXFrameworksBuildPhase;
			buildActionMask = 2147483647;
			files = (
			);
			runOnlyForDeploymentPostprocessing = 0;
		};
		75938B0E2F14F3AA00B191C5 /* Frameworks */ = {
			isa = PBXFrameworksBuildPhase;
			buildActionMask = 2147483647;
			files = (
			);
			runOnlyForDeploymentPostprocessing = 0;
		};
/* End PBXFrameworksBuildPhase section */

/* Begin PBXGroup section */
		75938AE52F14F3A900B191C5 = {
			isa = PBXGroup;
			children = (
				75938AF02F14F3A900B191C5 /* CLSDKTestSwift */,
				75938B0A2F14F3AA00B191C5 /* CLSDKTestSwiftTests */,
				75938B142F14F3AA00B191C5 /* CLSDKTestSwiftUITests */,
				75938AEF2F14F3A900B191C5 /* Products */,
			);
			sourceTree = "<group>";
		};
		75938AEF2F14F3A900B191C5 /* Products */ = {
			isa = PBXGroup;
			children = (
				75938AEE2F14F3A900B191C5 /* CLSDKTestSwift.app */,
				75938B072F14F3AA00B191C5 /* CLSDKTestSwiftTests.xctest */,
				75938B112F14F3AA00B191C5 /* CLSDKTestSwiftUITests.xctest */,
			);
			name = Products;
			sourceTree = "<group>";
		};
/* End PBXGroup section */

/* Begin PBXNativeTarget section */
		75938AED2F14F3A900B191C5 /* CLSDKTestSwift */ = {
			isa = PBXNativeTarget;
			buildConfigurationList = 75938B1A2F14F3AA00B191C5 /* Build configuration list for PBXNativeTarget "CLSDKTestSwift" */;
			buildPhases = (
				75938AEA2F14F3A900B191C5 /* Sources */,
				75938AEB2F14F3A900B191C5 /* Frameworks */,
				75938AEC2F14F3A900B191C5 /* Resources */,
			);
			buildRules = (
			);
			dependencies = (
			);
			fileSystemSynchronizedGroups = (
				75938AF02F14F3A900B191C5 /* CLSDKTestSwift */,
			);
			name = CLSDKTestSwift;
			packageProductDependencies = (
				7531F19C2F16183E006B97BF /* SwinjectStoryboard */,
			);
			productName = CLSDKTestSwift;
			productReference = 75938AEE2F14F3A900B191C5 /* CLSDKTestSwift.app */;
			productType = "com.apple.product-type.application";
		};
		75938B062F14F3AA00B191C5 /* CLSDKTestSwiftTests */ = {
			isa = PBXNativeTarget;
			buildConfigurationList = 75938B1F2F14F3AA00B191C5 /* Build configuration list for PBXNativeTarget "CLSDKTestSwiftTests" */;
			buildPhases = (
				75938B032F14F3AA00B191C5 /* Sources */,
				75938B042F14F3AA00B191C5 /* Frameworks */,
				75938B052F14F3AA00B191C5 /* Resources */,
			);
			buildRules = (
			);
			dependencies = (
				75938B092F14F3AA00B191C5 /* PBXTargetDependency */,
			);
			fileSystemSynchronizedGroups = (
				75938B0A2F14F3AA00B191C5 /* CLSDKTestSwiftTests */,
			);
			name = CLSDKTestSwiftTests;
			packageProductDependencies = (
			);
			productName = CLSDKTestSwiftTests;
			productReference = 75938B072F14F3AA00B191C5 /* CLSDKTestSwiftTests.xctest */;
			productType = "com.apple.product-type.bundle.unit-test";
		};
		75938B102F14F3AA00B191C5 /* CLSDKTestSwiftUITests */ = {
			isa = PBXNativeTarget;
			buildConfigurationList = 75938B222F14F3AA00B191C5 /* Build configuration list for PBXNativeTarget "CLSDKTestSwiftUITests" */;
			buildPhases = (
				75938B0D2F14F3AA00B191C5 /* Sources */,
				75938B0E2F14F3AA00B191C5 /* Frameworks */,
				75938B0F2F14F3AA00B191C5 /* Resources */,
			);
			buildRules = (
			);
			dependencies = (
				75938B132F14F3AA00B191C5 /* PBXTargetDependency */,
			);
			fileSystemSynchronizedGroups = (
				75938B142F14F3AA00B191C5 /* CLSDKTestSwiftUITests */,
			);
			name = CLSDKTestSwiftUITests;
			packageProductDependencies = (
			);
			productName = CLSDKTestSwiftUITests;
			productReference = 75938B112F14F3AA00B191C5 /* CLSDKTestSwiftUITests.xctest */;
			productType = "com.apple.product-type.bundle.ui-testing";
		};
/* End PBXNativeTarget section */

/* Begin PBXProject section */
		75938AE62F14F3A900B191C5 /* Project object */ = {
			isa = PBXProject;
			attributes = {
				BuildIndependentTargetsInParallel = 1;
				LastSwiftUpdateCheck = 2620;
				LastUpgradeCheck = 2620;
				TargetAttributes = {
					75938AED2F14F3A900B191C5 = {
						CreatedOnToolsVersion = 26.2;
					};
					75938B062F14F3AA00B191C5 = {
						CreatedOnToolsVersion = 26.2;
						TestTargetID = 75938AED2F14F3A900B191C5;
					};
					75938B102F14F3AA00B191C5 = {
						CreatedOnToolsVersion = 26.2;
						TestTargetID = 75938AED2F14F3A900B191C5;
					};
				};
			};
			buildConfigurationList = 75938AE92F14F3A900B191C5 /* Build configuration list for PBXProject "CLSDKTestSwift" */;
			developmentRegion = en;
			hasScannedForEncodings = 0;
			knownRegions = (
				en,
				Base,
			);
			mainGroup = 75938AE52F14F3A900B191C5;
			minimizedProjectReferenceProxies = 1;
			packageReferences = (
				7531F19B2F16183E006B97BF /* XCRemoteSwiftPackageReference "SwinjectStoryboard" */,
			);
			preferredProjectObjectVersion = 77;
			productRefGroup = 75938AEF2F14F3A900B191C5 /* Products */;
			projectDirPath = "";
			projectRoot = "";
			targets = (
				75938AED2F14F3A900B191C5 /* CLSDKTestSwift */,
				75938B062F14F3AA00B191C5 /* CLSDKTestSwiftTests */,
				75938B102F14F3AA00B191C5 /* CLSDKTestSwiftUITests */,
			);
		};
/* End PBXProject section */

/* Begin PBXResourcesBuildPhase section */
		75938AEC2F14F3A900B191C5 /* Resources */ = {
			isa = PBXResourcesBuildPhase;
			buildActionMask = 2147483647;
			files = (
			);
			runOnlyForDeploymentPostprocessing = 0;
		};
		75938B052F14F3AA00B191C5 /* Resources */ = {
			isa = PBXResourcesBuildPhase;
			buildActionMask = 2147483647;
			files = (
			);
			runOnlyForDeploymentPostprocessing = 0;
		};
		75938B0F2F14F3AA00B191C5 /* Resources */ = {
			isa = PBXResourcesBuildPhase;
			buildActionMask = 2147483647;
			files = (
			);
			runOnlyForDeploymentPostprocessing = 0;
		};
/* End PBXResourcesBuildPhase section */

/* Begin PBXSourcesBuildPhase section */
		75938AEA2F14F3A900B191C5 /* Sources */ = {
			isa = PBXSourcesBuildPhase;
			buildActionMask = 2147483647;
			files = (
			);
			runOnlyForDeploymentPostprocessing = 0;
		};
		75938B032F14F3AA00B191C5 /* Sources */ = {
			isa = PBXSourcesBuildPhase;
			buildActionMask = 2147483647;
			files = (
			);
			runOnlyForDeploymentPostprocessing = 0;
		};
		75938B0D2F14F3AA00B191C5 /* Sources */ = {
			isa = PBXSourcesBuildPhase;
			buildActionMask = 2147483647;
			files = (
			);
			runOnlyForDeploymentPostprocessing = 0;
		};
/* End PBXSourcesBuildPhase section */

/* Begin PBXTargetDependency section */
		75938B092F14F3AA00B191C5 /* PBXTargetDependency */ = {
			isa = PBXTargetDependency;
			target = 75938AED2F14F3A900B191C5 /* CLSDKTestSwift */;
			targetProxy = 75938B082F14F3AA00B191C5 /* PBXContainerItemProxy */;
		};
		75938B132F14F3AA00B191C5 /* PBXTargetDependency */ = {
			isa = PBXTargetDependency;
			target = 75938AED2F14F3A900B191C5 /* CLSDKTestSwift */;
			targetProxy = 75938B122F14F3AA00B191C5 /* PBXContainerItemProxy */;
		};
/* End PBXTargetDependency section */

/* Begin XCBuildConfiguration section */
		75938B1B2F14F3AA00B191C5 /* Debug */ = {
			isa = XCBuildConfiguration;
			buildSettings = {
				ASSETCATALOG_COMPILER_APPICON_NAME = AppIcon;
				ASSETCATALOG_COMPILER_GLOBAL_ACCENT_COLOR_NAME = AccentColor;
				CODE_SIGN_STYLE = Automatic;
				CURRENT_PROJECT_VERSION = 1;
				DEVELOPMENT_TEAM = SL6B57AC84;
				GENERATE_INFOPLIST_FILE = YES;
				INFOPLIST_FILE = CLSDKTestSwift/Info.plist;
				INFOPLIST_KEY_UIApplicationSupportsIndirectInputEvents = YES;
				INFOPLIST_KEY_UILaunchStoryboardName = LaunchScreen;
				INFOPLIST_KEY_UIMainStoryboardFile = Main;
				INFOPLIST_KEY_UISupportedInterfaceOrientations_iPad = "UIInterfaceOrientationPortrait UIInterfaceOrientationPortraitUpsideDown UIInterfaceOrientationLandscapeLeft UIInterfaceOrientationLandscapeRight";
				INFOPLIST_KEY_UISupportedInterfaceOrientations_iPhone = "UIInterfaceOrientationPortrait UIInterfaceOrientationLandscapeLeft UIInterfaceOrientationLandscapeRight";
				LD_RUNPATH_SEARCH_PATHS = (
					"$(inherited)",
					"@executable_path/Frameworks",
				);
				MARKETING_VERSION = 1.0;
				PRODUCT_BUNDLE_IDENTIFIER = com.corpsele.SwinjectTest.CLSDKTestSwift;
				PRODUCT_NAME = "$(TARGET_NAME)";
				STRING_CATALOG_GENERATE_SYMBOLS = YES;
				SWIFT_APPROACHABLE_CONCURRENCY = YES;
				SWIFT_DEFAULT_ACTOR_ISOLATION = MainActor;
				SWIFT_EMIT_LOC_STRINGS = YES;
				SWIFT_UPCOMING_FEATURE_MEMBER_IMPORT_VISIBILITY = YES;
				SWIFT_VERSION = 5.0;
				TARGETED_DEVICE_FAMILY = "1,2";
			};
			name = Debug;
		};
		75938B1C2F14F3AA00B191C5 /* Release */ = {
			isa = XCBuildConfiguration;
			buildSettings = {
				ASSETCATALOG_COMPILER_APPICON_NAME = AppIcon;
				ASSETCATALOG_COMPILER_GLOBAL_ACCENT_COLOR_NAME = AccentColor;
				CODE_SIGN_STYLE = Automatic;
				CURRENT_PROJECT_VERSION = 1;
				DEVELOPMENT_TEAM = SL6B57AC84;
				GENERATE_INFOPLIST_FILE = YES;
				INFOPLIST_FILE = CLSDKTestSwift/Info.plist;
				INFOPLIST_KEY_UIApplicationSupportsIndirectInputEvents = YES;
				INFOPLIST_KEY_UILaunchStoryboardName = LaunchScreen;
				INFOPLIST_KEY_UIMainStoryboardFile = Main;
				INFOPLIST_KEY_UISupportedInterfaceOrientations_iPad = "UIInterfaceOrientationPortrait UIInterfaceOrientationPortraitUpsideDown UIInterfaceOrientationLandscapeLeft UIInterfaceOrientationLandscapeRight";
				INFOPLIST_KEY_UISupportedInterfaceOrientations_iPhone = "UIInterfaceOrientationPortrait UIInterfaceOrientationLandscapeLeft UIInterfaceOrientationLandscapeRight";
				LD_RUNPATH_SEARCH_PATHS = (
					"$(inherited)",
					"@executable_path/Frameworks",
				);
				MARKETING_VERSION = 1.0;
				PRODUCT_BUNDLE_IDENTIFIER = com.corpsele.SwinjectTest.CLSDKTestSwift;
				PRODUCT_NAME = "$(TARGET_NAME)";
				STRING_CATALOG_GENERATE_SYMBOLS = YES;
				SWIFT_APPROACHABLE_CONCURRENCY = YES;
				SWIFT_DEFAULT_ACTOR_ISOLATION = MainActor;
				SWIFT_EMIT_LOC_STRINGS = YES;
				SWIFT_UPCOMING_FEATURE_MEMBER_IMPORT_VISIBILITY = YES;
				SWIFT_VERSION = 5.0;
				TARGETED_DEVICE_FAMILY = "1,2";
			};
			name = Release;
		};
		75938B1D2F14F3AA00B191C5 /* Debug */ = {
			isa = XCBuildConfiguration;
			buildSettings = {
				ALWAYS_SEARCH_USER_PATHS = NO;
				ASSETCATALOG_COMPILER_GENERATE_SWIFT_ASSET_SYMBOL_EXTENSIONS = YES;
				CLANG_ANALYZER_NONNULL = YES;
				CLANG_ANALYZER_NUMBER_OBJECT_CONVERSION = YES_AGGRESSIVE;
				CLANG_CXX_LANGUAGE_STANDARD = "gnu++20";
				CLANG_ENABLE_MODULES = YES;
				CLANG_ENABLE_OBJC_ARC = YES;
				CLANG_ENABLE_OBJC_WEAK = YES;
				CLANG_WARN_BLOCK_CAPTURE_AUTORELEASING = YES;
				CLANG_WARN_BOOL_CONVERSION = YES;
				CLANG_WARN_COMMA = YES;
				CLANG_WARN_CONSTANT_CONVERSION = YES;
				CLANG_WARN_DEPRECATED_OBJC_IMPLEMENTATIONS = YES;
				CLANG_WARN_DIRECT_OBJC_ISA_USAGE = YES_ERROR;
				CLANG_WARN_DOCUMENTATION_COMMENTS = YES;
				CLANG_WARN_EMPTY_BODY = YES;
				CLANG_WARN_ENUM_CONVERSION = YES;
				CLANG_WARN_INFINITE_RECURSION = YES;
				CLANG_WARN_INT_CONVERSION = YES;
				CLANG_WARN_NON_LITERAL_NULL_CONVERSION = YES;
				CLANG_WARN_OBJC_IMPLICIT_RETAIN_SELF = YES;
				CLANG_WARN_OBJC_LITERAL_CONVERSION = YES;
				CLANG_WARN_OBJC_ROOT_CLASS = YES_ERROR;
				CLANG_WARN_QUOTED_INCLUDE_IN_FRAMEWORK_HEADER = YES;
				CLANG_WARN_RANGE_LOOP_ANALYSIS = YES;
				CLANG_WARN_STRICT_PROTOTYPES = YES;
				CLANG_WARN_SUSPICIOUS_MOVE = YES;
				CLANG_WARN_UNGUARDED_AVAILABILITY = YES_AGGRESSIVE;
				CLANG_WARN_UNREACHABLE_CODE = YES;
				CLANG_WARN__DUPLICATE_METHOD_MATCH = YES;
				COPY_PHASE_STRIP = NO;
				DEBUG_INFORMATION_FORMAT = dwarf;
				DEVELOPMENT_TEAM = SL6B57AC84;
				ENABLE_STRICT_OBJC_MSGSEND = YES;
				ENABLE_TESTABILITY = YES;
				ENABLE_USER_SCRIPT_SANDBOXING = YES;
				GCC_C_LANGUAGE_STANDARD = gnu17;
				GCC_DYNAMIC_NO_PIC = NO;
				GCC_NO_COMMON_BLOCKS = YES;
				GCC_OPTIMIZATION_LEVEL = 0;
				GCC_PREPROCESSOR_DEFINITIONS = (
					"DEBUG=1",
					"$(inherited)",
				);
				GCC_WARN_64_TO_32_BIT_CONVERSION = YES;
				GCC_WARN_ABOUT_RETURN_TYPE = YES_ERROR;
				GCC_WARN_UNDECLARED_SELECTOR = YES;
				GCC_WARN_UNINITIALIZED_AUTOS = YES_AGGRESSIVE;
				GCC_WARN_UNUSED_FUNCTION = YES;
				GCC_WARN_UNUSED_VARIABLE = YES;
				IPHONEOS_DEPLOYMENT_TARGET = 26.2;
				LOCALIZATION_PREFERS_STRING_CATALOGS = YES;
				MTL_ENABLE_DEBUG_INFO = INCLUDE_SOURCE;
				MTL_FAST_MATH = YES;
				ONLY_ACTIVE_ARCH = YES;
				SDKROOT = iphoneos;
				SWIFT_ACTIVE_COMPILATION_CONDITIONS = "DEBUG $(inherited)";
				SWIFT_OPTIMIZATION_LEVEL = "-Onone";
			};
			name = Debug;
		};
		75938B1E2F14F3AA00B191C5 /* Release */ = {
			isa = XCBuildConfiguration;
			buildSettings = {
				ALWAYS_SEARCH_USER_PATHS = NO;
				ASSETCATALOG_COMPILER_GENERATE_SWIFT_ASSET_SYMBOL_EXTENSIONS = YES;
				CLANG_ANALYZER_NONNULL = YES;
				CLANG_ANALYZER_NUMBER_OBJECT_CONVERSION = YES_AGGRESSIVE;
				CLANG_CXX_LANGUAGE_STANDARD = "gnu++20";
				CLANG_ENABLE_MODULES = YES;
				CLANG_ENABLE_OBJC_ARC = YES;
				CLANG_ENABLE_OBJC_WEAK = YES;
				CLANG_WARN_BLOCK_CAPTURE_AUTORELEASING = YES;
				CLANG_WARN_BOOL_CONVERSION = YES;
				CLANG_WARN_COMMA = YES;
				CLANG_WARN_CONSTANT_CONVERSION = YES;
				CLANG_WARN_DEPRECATED_OBJC_IMPLEMENTATIONS = YES;
				CLANG_WARN_DIRECT_OBJC_ISA_USAGE = YES_ERROR;
				CLANG_WARN_DOCUMENTATION_COMMENTS = YES;
				CLANG_WARN_EMPTY_BODY = YES;
				CLANG_WARN_ENUM_CONVERSION = YES;
				CLANG_WARN_INFINITE_RECURSION = YES;
				CLANG_WARN_INT_CONVERSION = YES;
				CLANG_WARN_NON_LITERAL_NULL_CONVERSION = YES;
				CLANG_WARN_OBJC_IMPLICIT_RETAIN_SELF = YES;
				CLANG_WARN_OBJC_LITERAL_CONVERSION = YES;
				CLANG_WARN_OBJC_ROOT_CLASS = YES_ERROR;
				CLANG_WARN_QUOTED_INCLUDE_IN_FRAMEWORK_HEADER = YES;
				CLANG_WARN_RANGE_LOOP_ANALYSIS = YES;
				CLANG_WARN_STRICT_PROTOTYPES = YES;
				CLANG_WARN_SUSPICIOUS_MOVE = YES;
				CLANG_WARN_UNGUARDED_AVAILABILITY = YES_AGGRESSIVE;
				CLANG_WARN_UNREACHABLE_CODE = YES;
				CLANG_WARN__DUPLICATE_METHOD_MATCH = YES;
				COPY_PHASE_STRIP = NO;
				DEBUG_INFORMATION_FORMAT = "dwarf-with-dsym";
				DEVELOPMENT_TEAM = SL6B57AC84;
				ENABLE_NS_ASSERTIONS = NO;
				ENABLE_STRICT_OBJC_MSGSEND = YES;
				ENABLE_USER_SCRIPT_SANDBOXING = YES;
				GCC_C_LANGUAGE_STANDARD = gnu17;
				GCC_NO_COMMON_BLOCKS = YES;
				GCC_WARN_64_TO_32_BIT_CONVERSION = YES;
				GCC_WARN_ABOUT_RETURN_TYPE = YES_ERROR;
				GCC_WARN_UNDECLARED_SELECTOR = YES;
				GCC_WARN_UNINITIALIZED_AUTOS = YES_AGGRESSIVE;
				GCC_WARN_UNUSED_FUNCTION = YES;
				GCC_WARN_UNUSED_VARIABLE = YES;
				IPHONEOS_DEPLOYMENT_TARGET = 26.2;
				LOCALIZATION_PREFERS_STRING_CATALOGS = YES;
				MTL_ENABLE_DEBUG_INFO = NO;
				MTL_FAST_MATH = YES;
				SDKROOT = iphoneos;
				SWIFT_COMPILATION_MODE = wholemodule;
				VALIDATE_PRODUCT = YES;
			};
			name = Release;
		};
		75938B202F14F3AA00B191C5 /* Debug */ = {
			isa = XCBuildConfiguration;
			buildSettings = {
				BUNDLE_LOADER = "$(TEST_HOST)";
				CODE_SIGN_STYLE = Automatic;
				CURRENT_PROJECT_VERSION = 1;
				DEVELOPMENT_TEAM = SL6B57AC84;
				GENERATE_INFOPLIST_FILE = YES;
				IPHONEOS_DEPLOYMENT_TARGET = 26.2;
				MARKETING_VERSION = 1.0;
				PRODUCT_BUNDLE_IDENTIFIER = com.corpsele.SwinjectTest.CLSDKTestSwiftTests;
				PRODUCT_NAME = "$(TARGET_NAME)";
				STRING_CATALOG_GENERATE_SYMBOLS = NO;
				SWIFT_APPROACHABLE_CONCURRENCY = YES;
				SWIFT_EMIT_LOC_STRINGS = NO;
				SWIFT_UPCOMING_FEATURE_MEMBER_IMPORT_VISIBILITY = YES;
				SWIFT_VERSION = 5.0;
				TARGETED_DEVICE_FAMILY = "1,2";
				TEST_HOST = "$(BUILT_PRODUCTS_DIR)/CLSDKTestSwift.app/$(BUNDLE_EXECUTABLE_FOLDER_PATH)/CLSDKTestSwift";
			};
			name = Debug;
		};
		75938B212F14F3AA00B191C5 /* Release */ = {
			isa = XCBuildConfiguration;
			buildSettings = {
				BUNDLE_LOADER = "$(TEST_HOST)";
				CODE_SIGN_STYLE = Automatic;
				CURRENT_PROJECT_VERSION = 1;
				DEVELOPMENT_TEAM = SL6B57AC84;
				GENERATE_INFOPLIST_FILE = YES;
				IPHONEOS_DEPLOYMENT_TARGET = 26.2;
				MARKETING_VERSION = 1.0;
				PRODUCT_BUNDLE_IDENTIFIER = com.corpsele.SwinjectTest.CLSDKTestSwiftTests;
				PRODUCT_NAME = "$(TARGET_NAME)";
				STRING_CATALOG_GENERATE_SYMBOLS = NO;
				SWIFT_APPROACHABLE_CONCURRENCY = YES;
				SWIFT_EMIT_LOC_STRINGS = NO;
				SWIFT_UPCOMING_FEATURE_MEMBER_IMPORT_VISIBILITY = YES;
				SWIFT_VERSION = 5.0;
				TARGETED_DEVICE_FAMILY = "1,2";
				TEST_HOST = "$(BUILT_PRODUCTS_DIR)/CLSDKTestSwift.app/$(BUNDLE_EXECUTABLE_FOLDER_PATH)/CLSDKTestSwift";
			};
			name = Release;
		};
		75938B232F14F3AA00B191C5 /* Debug */ = {
			isa = XCBuildConfiguration;
			buildSettings = {
				CODE_SIGN_STYLE = Automatic;
				CURRENT_PROJECT_VERSION = 1;
				DEVELOPMENT_TEAM = SL6B57AC84;
				GENERATE_INFOPLIST_FILE = YES;
				MARKETING_VERSION = 1.0;
				PRODUCT_BUNDLE_IDENTIFIER = com.corpsele.SwinjectTest.CLSDKTestSwiftUITests;
				PRODUCT_NAME = "$(TARGET_NAME)";
				STRING_CATALOG_GENERATE_SYMBOLS = NO;
				SWIFT_APPROACHABLE_CONCURRENCY = YES;
				SWIFT_EMIT_LOC_STRINGS = NO;
				SWIFT_UPCOMING_FEATURE_MEMBER_IMPORT_VISIBILITY = YES;
				SWIFT_VERSION = 5.0;
				TARGETED_DEVICE_FAMILY = "1,2";
				TEST_TARGET_NAME = CLSDKTestSwift;
			};
			name = Debug;
		};
		75938B242F14F3AA00B191C5 /* Release */ = {
			isa = XCBuildConfiguration;
			buildSettings = {
				CODE_SIGN_STYLE = Automatic;
				CURRENT_PROJECT_VERSION = 1;
				DEVELOPMENT_TEAM = SL6B57AC84;
				GENERATE_INFOPLIST_FILE = YES;
				MARKETING_VERSION = 1.0;
				PRODUCT_BUNDLE_IDENTIFIER = com.corpsele.SwinjectTest.CLSDKTestSwiftUITests;
				PRODUCT_NAME = "$(TARGET_NAME)";
				STRING_CATALOG_GENERATE_SYMBOLS = NO;
				SWIFT_APPROACHABLE_CONCURRENCY = YES;
				SWIFT_EMIT_LOC_STRINGS = NO;
				SWIFT_UPCOMING_FEATURE_MEMBER_IMPORT_VISIBILITY = YES;
				SWIFT_VERSION = 5.0;
				TARGETED_DEVICE_FAMILY = "1,2";
				TEST_TARGET_NAME = CLSDKTestSwift;
			};
			name = Release;
		};
/* End XCBuildConfiguration section */

/* Begin XCConfigurationList section */
		75938AE92F14F3A900B191C5 /* Build configuration list for PBXProject "CLSDKTestSwift" */ = {
			isa = XCConfigurationList;
			buildConfigurations = (
				75938B1D2F14F3AA00B191C5 /* Debug */,
				75938B1E2F14F3AA00B191C5 /* Release */,
			);
			defaultConfigurationIsVisible = 0;
			defaultConfigurationName = Release;
		};
		75938B1A2F14F3AA00B191C5 /* Build configuration list for PBXNativeTarget "CLSDKTestSwift" */ = {
			isa = XCConfigurationList;
			buildConfigurations = (
				75938B1B2F14F3AA00B191C5 /* Debug */,
				75938B1C2F14F3AA00B191C5 /* Release */,
			);
			defaultConfigurationIsVisible = 0;
			defaultConfigurationName = Release;
		};
		75938B1F2F14F3AA00B191C5 /* Build configuration list for PBXNativeTarget "CLSDKTestSwiftTests" */ = {
			isa = XCConfigurationList;
			buildConfigurations = (
				75938B202F14F3AA00B191C5 /* Debug */,
				75938B212F14F3AA00B191C5 /* Release */,
			);
			defaultConfigurationIsVisible = 0;
			defaultConfigurationName = Release;
		};
		75938B222F14F3AA00B191C5 /* Build configuration list for PBXNativeTarget "CLSDKTestSwiftUITests" */ = {
			isa = XCConfigurationList;
			buildConfigurations = (
				75938B232F14F3AA00B191C5 /* Debug */,
				75938B242F14F3AA00B191C5 /* Release */,
			);
			defaultConfigurationIsVisible = 0;
			defaultConfigurationName = Release;
		};
/* End XCConfigurationList section */

/* Begin XCRemoteSwiftPackageReference section */
		7531F19B2F16183E006B97BF /* XCRemoteSwiftPackageReference "SwinjectStoryboard" */ = {
			isa = XCRemoteSwiftPackageReference;
			repositoryURL = "https://github.com/Swinject/SwinjectStoryboard";
			requirement = {
				kind = upToNextMajorVersion;
				minimumVersion = 2.2.3;
			};
		};
/* End XCRemoteSwiftPackageReference section */

/* Begin XCSwiftPackageProductDependency section */
		7531F19C2F16183E006B97BF /* SwinjectStoryboard */ = {
			isa = XCSwiftPackageProductDependency;
			package = 7531F19B2F16183E006B97BF /* XCRemoteSwiftPackageReference "SwinjectStoryboard" */;
			productName = SwinjectStoryboard;
		};
/* End XCSwiftPackageProductDependency section */
	};
	rootObject = 75938AE62F14F3A900B191C5 /* Project object */;
}
